
Microsoft Visual Studio Solution File, Format Version 12.00
# Visual Studio Version 17
VisualStudioVersion = 17.5.33424.131
MinimumVisualStudioVersion = 10.0.40219.1
Project("{9A19103F-16F7-4668-BE54-9A1E7A4F7556}") = "PresentacionMVC", "PresentacionMVC\PresentacionMVC.csproj", "{8A339328-532B-4430-ABA4-DDC52E9A991D}"
EndProject
Global
	GlobalSection(SolutionConfigurationPlatforms) = preSolution
		Debug|Any CPU = Debug|Any CPU
		Release|Any CPU = Release|Any CPU
	EndGlobalSection
	GlobalSection(ProjectConfigurationPlatforms) = postSolution
		{8A339328-532B-4430-ABA4-DDC52E9A991D}.Debug|Any CPU.ActiveCfg = Debug|Any CPU
		{8A339328-532B-4430-ABA4-DDC52E9A991D}.Debug|Any CPU.Build.0 = Debug|Any CPU
		{8A339328-532B-4430-ABA4-DDC52E9A991D}.Release|Any CPU.ActiveCfg = Release|Any CPU
		{8A339328-532B-4430-ABA4-DDC52E9A991D}.Release|Any CPU.Build.0 = Release|Any CPU
	EndGlobalSection
	GlobalSection(SolutionProperties) = preSolution
		HideSolutionNode = FALSE
	EndGlobalSection
	GlobalSection(ExtensibilityGlobals) = postSolution
		SolutionGuid = {E46E9218-92B3-4E56-80AA-2475F90B35BA}
	EndGlobalSection
EndGlobal
